
Microsoft Visual Studio Solution File, Format Version 12.00
# Visual Studio 15
VisualStudioVersion = 15.0.27703.2000
MinimumVisualStudioVersion = 10.0.40219.1
Project("{FAE04EC0-301F-11D3-BF4B-00C04F79EFBC}") = "Grades", "Grades\Grades.csproj", "{CD7A7982-55D9-4EE6-B251-EDC61D279D00}"
EndProject
Project("{FAE04EC0-301F-11D3-BF4B-00C04F79EFBC}") = "Grades.Test", "Grades.Test\Grades.Test.csproj", "{95E5869A-8EDC-46FB-B38F-96D90D2D0FCA}"
EndProject
Global
	GlobalSection(SolutionConfigurationPlatforms) = preSolution
		Debug|Any CPU = Debug|Any CPU
		Release|Any CPU = Release|Any CPU
	EndGlobalSection
	GlobalSection(ProjectConfigurationPlatforms) = postSolution
		{CD7A7982-55D9-4EE6-B251-EDC61D279D00}.Debug|Any CPU.ActiveCfg = Debug|Any CPU
		{CD7A7982-55D9-4EE6-B251-EDC61D279D00}.Debug|Any CPU.Build.0 = Debug|Any CPU
		{CD7A7982-55D9-4EE6-B251-EDC61D279D00}.Release|Any CPU.ActiveCfg = Release|Any CPU
		{CD7A7982-55D9-4EE6-B251-EDC61D279D00}.Release|Any CPU.Build.0 = Release|Any CPU
		{95E5869A-8EDC-46FB-B38F-96D90D2D0FCA}.Debug|Any CPU.ActiveCfg = Debug|Any CPU
		{95E5869A-8EDC-46FB-B38F-96D90D2D0FCA}.Debug|Any CPU.Build.0 = Debug|Any CPU
		{95E5869A-8EDC-46FB-B38F-96D90D2D0FCA}.Release|Any CPU.ActiveCfg = Release|Any CPU
		{95E5869A-8EDC-46FB-B38F-96D90D2D0FCA}.Release|Any CPU.Build.0 = Release|Any CPU
	EndGlobalSection
	GlobalSection(SolutionProperties) = preSolution
		HideSolutionNode = FALSE
	EndGlobalSection
	GlobalSection(ExtensibilityGlobals) = postSolution
		SolutionGuid = {01399346-11DE-4983-A667-1976693F2DDA}
	EndGlobalSection
EndGlobal
